// !$*UTF8*$!
{
	archiveVersion = 1;
	classes = {
	};
	objectVersion = 55;
	objects = {

/* Begin PBXBuildFile section */
		5D93A3EA28D0DDA600FEDC72 /* AppDelegate.swift in Sources */ = {isa = PBXBuildFile; fileRef = 5D93A3E928D0DDA600FEDC72 /* AppDelegate.swift */; };
		5D93A3F328D0DDA700FEDC72 /* Assets.xcassets in Resources */ = {isa = PBXBuildFile; fileRef = 5D93A3F228D0DDA700FEDC72 /* Assets.xcassets */; };
		5D93A3F628D0DDA700FEDC72 /* LaunchScreen.storyboard in Resources */ = {isa = PBXBuildFile; fileRef = 5D93A3F428D0DDA700FEDC72 /* LaunchScreen.storyboard */; };
		5D93A40128D0DDA700FEDC72 /* GucciTetrisTests.swift in Sources */ = {isa = PBXBuildFile; fileRef = 5D93A40028D0DDA700FEDC72 /* GucciTetrisTests.swift */; };
		5D93A40B28D0DDA700FEDC72 /* GucciTetrisUITests.swift in Sources */ = {isa = PBXBuildFile; fileRef = 5D93A40A28D0DDA700FEDC72 /* GucciTetrisUITests.swift */; };
		5D93A40D28D0DDA700FEDC72 /* GucciTetrisUITestsLaunchTests.swift in Sources */ = {isa = PBXBuildFile; fileRef = 5D93A40C28D0DDA700FEDC72 /* GucciTetrisUITestsLaunchTests.swift */; };
		5D93A42828D10FF000FEDC72 /* GucciNavigator in Frameworks */ = {isa = PBXBuildFile; productRef = 5D93A42728D10FF000FEDC72 /* GucciNavigator */; };
		5D93A42A28D1142800FEDC72 /* BaseGucciTetris in Frameworks */ = {isa = PBXBuildFile; productRef = 5D93A42928D1142800FEDC72 /* BaseGucciTetris */; };
		5D93A42F28D1DAD200FEDC72 /* GucciViewModel in Frameworks */ = {isa = PBXBuildFile; productRef = 5D93A42E28D1DAD200FEDC72 /* GucciViewModel */; };
		5DE2A67E28D5FCC200FC272E /* GucciUI in Frameworks */ = {isa = PBXBuildFile; productRef = 5DE2A67D28D5FCC200FC272E /* GucciUI */; };
/* End PBXBuildFile section */

/* Begin PBXContainerItemProxy section */
		5D93A3FD28D0DDA700FEDC72 /* PBXContainerItemProxy */ = {
			isa = PBXContainerItemProxy;
			containerPortal = 5D93A3DE28D0DDA600FEDC72 /* Project object */;
			proxyType = 1;
			remoteGlobalIDString = 5D93A3E528D0DDA600FEDC72;
			remoteInfo = GucciTetris;
		};
		5D93A40728D0DDA700FEDC72 /* PBXContainerItemProxy */ = {
			isa = PBXContainerItemProxy;
			containerPortal = 5D93A3DE28D0DDA600FEDC72 /* Project object */;
			proxyType = 1;
			remoteGlobalIDString = 5D93A3E528D0DDA600FEDC72;
			remoteInfo = GucciTetris;
		};
/* End PBXContainerItemProxy section */

/* Begin PBXFileReference section */
		5D93A3E628D0DDA600FEDC72 /* GucciTetris.app */ = {isa = PBXFileReference; explicitFileType = wrapper.application; includeInIndex = 0; path = GucciTetris.app; sourceTree = BUILT_PRODUCTS_DIR; };
		5D93A3E928D0DDA600FEDC72 /* AppDelegate.swift */ = {isa = PBXFileReference; lastKnownFileType = sourcecode.swift; path = AppDelegate.swift; sourceTree = "<group>"; };
		5D93A3F228D0DDA700FEDC72 /* Assets.xcassets */ = {isa = PBXFileReference; lastKnownFileType = folder.assetcatalog; path = Assets.xcassets; sourceTree = "<group>"; };
		5D93A3F528D0DDA700FEDC72 /* Base */ = {isa = PBXFileReference; lastKnownFileType = file.storyboard; name = Base; path = Base.lproj/LaunchScreen.storyboard; sourceTree = "<group>"; };
		5D93A3F728D0DDA700FEDC72 /* Info.plist */ = {isa = PBXFileReference; lastKnownFileType = text.plist.xml; path = Info.plist; sourceTree = "<group>"; };
		5D93A3FC28D0DDA700FEDC72 /* GucciTetrisTests.xctest */ = {isa = PBXFileReference; explicitFileType = wrapper.cfbundle; includeInIndex = 0; path = GucciTetrisTests.xctest; sourceTree = BUILT_PRODUCTS_DIR; };
		5D93A40028D0DDA700FEDC72 /* GucciTetrisTests.swift */ = {isa = PBXFileReference; lastKnownFileType = sourcecode.swift; path = GucciTetrisTests.swift; sourceTree = "<group>"; };
		5D93A40628D0DDA700FEDC72 /* GucciTetrisUITests.xctest */ = {isa = PBXFileReference; explicitFileType = wrapper.cfbundle; includeInIndex = 0; path = GucciTetrisUITests.xctest; sourceTree = BUILT_PRODUCTS_DIR; };
		5D93A40A28D0DDA700FEDC72 /* GucciTetrisUITests.swift */ = {isa = PBXFileReference; lastKnownFileType = sourcecode.swift; path = GucciTetrisUITests.swift; sourceTree = "<group>"; };
		5D93A40C28D0DDA700FEDC72 /* GucciTetrisUITestsLaunchTests.swift */ = {isa = PBXFileReference; lastKnownFileType = sourcecode.swift; path = GucciTetrisUITestsLaunchTests.swift; sourceTree = "<group>"; };
		5D93A41A28D0DE2100FEDC72 /* BaseGucciTetris */ = {isa = PBXFileReference; lastKnownFileType = wrapper; path = BaseGucciTetris; sourceTree = "<group>"; };
		5D93A42028D0DF3900FEDC72 /* GucciViewModel */ = {isa = PBXFileReference; lastKnownFileType = wrapper; path = GucciViewModel; sourceTree = "<group>"; };
		5D93A42128D0DFD000FEDC72 /* GucciNavigator */ = {isa = PBXFileReference; lastKnownFileType = wrapper; path = GucciNavigator; sourceTree = "<group>"; };
		5DE2A67C28D5FCBA00FC272E /* GucciUI */ = {isa = PBXFileReference; lastKnownFileType = wrapper; path = GucciUI; sourceTree = "<group>"; };
/* End PBXFileReference section */

/* Begin PBXFrameworksBuildPhase section */
		5D93A3E328D0DDA600FEDC72 /* Frameworks */ = {
			isa = PBXFrameworksBuildPhase;
			buildActionMask = 2147483647;
			files = (
				5DE2A67E28D5FCC200FC272E /* GucciUI in Frameworks */,
				5D93A42F28D1DAD200FEDC72 /* GucciViewModel in Frameworks */,
				5D93A42A28D1142800FEDC72 /* BaseGucciTetris in Frameworks */,
				5D93A42828D10FF000FEDC72 /* GucciNavigator in Frameworks */,
			);
			runOnlyForDeploymentPostprocessing = 0;
		};
		5D93A3F928D0DDA700FEDC72 /* Frameworks */ = {
			isa = PBXFrameworksBuildPhase;
			buildActionMask = 2147483647;
			files = (
			);
			runOnlyForDeploymentPostprocessing = 0;
		};
		5D93A40328D0DDA700FEDC72 /* Frameworks */ = {
			isa = PBXFrameworksBuildPhase;
			buildActionMask = 2147483647;
			files = (
			);
			runOnlyForDeploymentPostprocessing = 0;
		};
/* End PBXFrameworksBuildPhase section */

/* Begin PBXGroup section */
		5D93A3DD28D0DDA600FEDC72 = {
			isa = PBXGroup;
			children = (
				5D93A41928D0DDD900FEDC72 /* LocalPackage */,
				5D93A3E828D0DDA600FEDC72 /* GucciTetris */,
				5D93A3FF28D0DDA700FEDC72 /* GucciTetrisTests */,
				5D93A40928D0DDA700FEDC72 /* GucciTetrisUITests */,
				5D93A3E728D0DDA600FEDC72 /* Products */,
				5D93A42428D1065900FEDC72 /* Frameworks */,
			);
			sourceTree = "<group>";
		};
		5D93A3E728D0DDA600FEDC72 /* Products */ = {
			isa = PBXGroup;
			children = (
				5D93A3E628D0DDA600FEDC72 /* GucciTetris.app */,
				5D93A3FC28D0DDA700FEDC72 /* GucciTetrisTests.xctest */,
				5D93A40628D0DDA700FEDC72 /* GucciTetrisUITests.xctest */,
			);
			name = Products;
			sourceTree = "<group>";
		};
		5D93A3E828D0DDA600FEDC72 /* GucciTetris */ = {
			isa = PBXGroup;
			children = (
				5D93A42228D0E02500FEDC72 /* App */,
				5D93A42328D0E02B00FEDC72 /* Resources */,
			);
			path = GucciTetris;
			sourceTree = "<group>";
		};
		5D93A3FF28D0DDA700FEDC72 /* GucciTetrisTests */ = {
			isa = PBXGroup;
			children = (
				5D93A40028D0DDA700FEDC72 /* GucciTetrisTests.swift */,
			);
			path = GucciTetrisTests;
			sourceTree = "<group>";
		};
		5D93A40928D0DDA700FEDC72 /* GucciTetrisUITests */ = {
			isa = PBXGroup;
			children = (
				5D93A40A28D0DDA700FEDC72 /* GucciTetrisUITests.swift */,
				5D93A40C28D0DDA700FEDC72 /* GucciTetrisUITestsLaunchTests.swift */,
			);
			path = GucciTetrisUITests;
			sourceTree = "<group>";
		};
		5D93A41928D0DDD900FEDC72 /* LocalPackage */ = {
			isa = PBXGroup;
			children = (
				5D93A41A28D0DE2100FEDC72 /* BaseGucciTetris */,
				5D93A42128D0DFD000FEDC72 /* GucciNavigator */,
				5DE2A67C28D5FCBA00FC272E /* GucciUI */,
				5D93A42028D0DF3900FEDC72 /* GucciViewModel */,
			);
			path = LocalPackage;
			sourceTree = "<group>";
		};
		5D93A42228D0E02500FEDC72 /* App */ = {
			isa = PBXGroup;
			children = (
				5D93A3F728D0DDA700FEDC72 /* Info.plist */,
				5D93A3E928D0DDA600FEDC72 /* AppDelegate.swift */,
			);
			path = App;
			sourceTree = "<group>";
		};
		5D93A42328D0E02B00FEDC72 /* Resources */ = {
			isa = PBXGroup;
			children = (
				5D93A3F228D0DDA700FEDC72 /* Assets.xcassets */,
				5D93A3F428D0DDA700FEDC72 /* LaunchScreen.storyboard */,
			);
			path = Resources;
			sourceTree = "<group>";
		};
		5D93A42428D1065900FEDC72 /* Frameworks */ = {
			isa = PBXGroup;
			children = (
			);
			name = Frameworks;
			sourceTree = "<group>";
		};
/* End PBXGroup section */

/* Begin PBXNativeTarget section */
		5D93A3E528D0DDA600FEDC72 /* GucciTetris */ = {
			isa = PBXNativeTarget;
			buildConfigurationList = 5D93A41028D0DDA700FEDC72 /* Build configuration list for PBXNativeTarget "GucciTetris" */;
			buildPhases = (
				5D93A3E228D0DDA600FEDC72 /* Sources */,
				5D93A3E328D0DDA600FEDC72 /* Frameworks */,
				5D93A3E428D0DDA600FEDC72 /* Resources */,
			);
			buildRules = (
			);
			dependencies = (
			);
			name = GucciTetris;
			packageProductDependencies = (
				5D93A42728D10FF000FEDC72 /* GucciNavigator */,
				5D93A42928D1142800FEDC72 /* BaseGucciTetris */,
				5D93A42E28D1DAD200FEDC72 /* GucciViewModel */,
				5DE2A67D28D5FCC200FC272E /* GucciUI */,
			);
			productName = GucciTetris;
			productReference = 5D93A3E628D0DDA600FEDC72 /* GucciTetris.app */;
			productType = "com.apple.product-type.application";
		};
		5D93A3FB28D0DDA700FEDC72 /* GucciTetrisTests */ = {
			isa = PBXNativeTarget;
			buildConfigurationList = 5D93A41328D0DDA700FEDC72 /* Build configuration list for PBXNativeTarget "GucciTetrisTests" */;
			buildPhases = (
				5D93A3F828D0DDA700FEDC72 /* Sources */,
				5D93A3F928D0DDA700FEDC72 /* Frameworks */,
				5D93A3FA28D0DDA700FEDC72 /* Resources */,
			);
			buildRules = (
			);
			dependencies = (
				5D93A3FE28D0DDA700FEDC72 /* PBXTargetDependency */,
			);
			name = GucciTetrisTests;
			productName = GucciTetrisTests;
			productReference = 5D93A3FC28D0DDA700FEDC72 /* GucciTetrisTests.xctest */;
			productType = "com.apple.product-type.bundle.unit-test";
		};
		5D93A40528D0DDA700FEDC72 /* GucciTetrisUITests */ = {
			isa = PBXNativeTarget;
			buildConfigurationList = 5D93A41628D0DDA700FEDC72 /* Build configuration list for PBXNativeTarget "GucciTetrisUITests" */;
			buildPhases = (
				5D93A40228D0DDA700FEDC72 /* Sources */,
				5D93A40328D0DDA700FEDC72 /* Frameworks */,
				5D93A40428D0DDA700FEDC72 /* Resources */,
			);
			buildRules = (
			);
			dependencies = (
				5D93A40828D0DDA700FEDC72 /* PBXTargetDependency */,
			);
			name = GucciTetrisUITests;
			productName = GucciTetrisUITests;
			productReference = 5D93A40628D0DDA700FEDC72 /* GucciTetrisUITests.xctest */;
			productType = "com.apple.product-type.bundle.ui-testing";
		};
/* End PBXNativeTarget section */

/* Begin PBXProject section */
		5D93A3DE28D0DDA600FEDC72 /* Project object */ = {
			isa = PBXProject;
			attributes = {
				BuildIndependentTargetsInParallel = 1;
				LastSwiftUpdateCheck = 1340;
				LastUpgradeCheck = 1340;
				TargetAttributes = {
					5D93A3E528D0DDA600FEDC72 = {
						CreatedOnToolsVersion = 13.4.1;
					};
					5D93A3FB28D0DDA700FEDC72 = {
						CreatedOnToolsVersion = 13.4.1;
						TestTargetID = 5D93A3E528D0DDA600FEDC72;
					};
					5D93A40528D0DDA700FEDC72 = {
						CreatedOnToolsVersion = 13.4.1;
						TestTargetID = 5D93A3E528D0DDA600FEDC72;
					};
				};
			};
			buildConfigurationList = 5D93A3E128D0DDA600FEDC72 /* Build configuration list for PBXProject "GucciTetris" */;
			compatibilityVersion = "Xcode 13.0";
			developmentRegion = en;
			hasScannedForEncodings = 0;
			knownRegions = (
				en,
				Base,
			);
			mainGroup = 5D93A3DD28D0DDA600FEDC72;
			productRefGroup = 5D93A3E728D0DDA600FEDC72 /* Products */;
			projectDirPath = "";
			projectRoot = "";
			targets = (
				5D93A3E528D0DDA600FEDC72 /* GucciTetris */,
				5D93A3FB28D0DDA700FEDC72 /* GucciTetrisTests */,
				5D93A40528D0DDA700FEDC72 /* GucciTetrisUITests */,
			);
		};
/* End PBXProject section */

/* Begin PBXResourcesBuildPhase section */
		5D93A3E428D0DDA600FEDC72 /* Resources */ = {
			isa = PBXResourcesBuildPhase;
			buildActionMask = 2147483647;
			files = (
				5D93A3F628D0DDA700FEDC72 /* LaunchScreen.storyboard in Resources */,
				5D93A3F328D0DDA700FEDC72 /* Assets.xcassets in Resources */,
			);
			runOnlyForDeploymentPostprocessing = 0;
		};
		5D93A3FA28D0DDA700FEDC72 /* Resources */ = {
			isa = PBXResourcesBuildPhase;
			buildActionMask = 2147483647;
			files = (
			);
			runOnlyForDeploymentPostprocessing = 0;
		};
		5D93A40428D0DDA700FEDC72 /* Resources */ = {
			isa = PBXResourcesBuildPhase;
			buildActionMask = 2147483647;
			files = (
			);
			runOnlyForDeploymentPostprocessing = 0;
		};
/* End PBXResourcesBuildPhase section */

/* Begin PBXSourcesBuildPhase section */
		5D93A3E228D0DDA600FEDC72 /* Sources */ = {
			isa = PBXSourcesBuildPhase;
			buildActionMask = 2147483647;
			files = (
				5D93A3EA28D0DDA600FEDC72 /* AppDelegate.swift in Sources */,
			);
			runOnlyForDeploymentPostprocessing = 0;
		};
		5D93A3F828D0DDA700FEDC72 /* Sources */ = {
			isa = PBXSourcesBuildPhase;
			buildActionMask = 2147483647;
			files = (
				5D93A40128D0DDA700FEDC72 /* GucciTetrisTests.swift in Sources */,
			);
			runOnlyForDeploymentPostprocessing = 0;
		};
		5D93A40228D0DDA700FEDC72 /* Sources */ = {
			isa = PBXSourcesBuildPhase;
			buildActionMask = 2147483647;
			files = (
				5D93A40B28D0DDA700FEDC72 /* GucciTetrisUITests.swift in Sources */,
				5D93A40D28D0DDA700FEDC72 /* GucciTetrisUITestsLaunchTests.swift in Sources */,
			);
			runOnlyForDeploymentPostprocessing = 0;
		};
/* End PBXSourcesBuildPhase section */

/* Begin PBXTargetDependency section */
		5D93A3FE28D0DDA700FEDC72 /* PBXTargetDependency */ = {
			isa = PBXTargetDependency;
			target = 5D93A3E528D0DDA600FEDC72 /* GucciTetris */;
			targetProxy = 5D93A3FD28D0DDA700FEDC72 /* PBXContainerItemProxy */;
		};
		5D93A40828D0DDA700FEDC72 /* PBXTargetDependency */ = {
			isa = PBXTargetDependency;
			target = 5D93A3E528D0DDA600FEDC72 /* GucciTetris */;
			targetProxy = 5D93A40728D0DDA700FEDC72 /* PBXContainerItemProxy */;
		};
/* End PBXTargetDependency section */

/* Begin PBXVariantGroup section */
		5D93A3F428D0DDA700FEDC72 /* LaunchScreen.storyboard */ = {
			isa = PBXVariantGroup;
			children = (
				5D93A3F528D0DDA700FEDC72 /* Base */,
			);
			name = LaunchScreen.storyboard;
			sourceTree = "<group>";
		};
/* End PBXVariantGroup section */

/* Begin XCBuildConfiguration section */
		5D93A40E28D0DDA700FEDC72 /* Debug */ = {
			isa = XCBuildConfiguration;
			buildSettings = {
				ALWAYS_SEARCH_USER_PATHS = NO;
				CLANG_ANALYZER_NONNULL = YES;
				CLANG_ANALYZER_NUMBER_OBJECT_CONVERSION = YES_AGGRESSIVE;
				CLANG_CXX_LANGUAGE_STANDARD = "gnu++17";
				CLANG_ENABLE_MODULES = YES;
				CLANG_ENABLE_OBJC_ARC = YES;
				CLANG_ENABLE_OBJC_WEAK = YES;
				CLANG_WARN_BLOCK_CAPTURE_AUTORELEASING = YES;
				CLANG_WARN_BOOL_CONVERSION = YES;
				CLANG_WARN_COMMA = YES;
				CLANG_WARN_CONSTANT_CONVERSION = YES;
				CLANG_WARN_DEPRECATED_OBJC_IMPLEMENTATIONS = YES;
				CLANG_WARN_DIRECT_OBJC_ISA_USAGE = YES_ERROR;
				CLANG_WARN_DOCUMENTATION_COMMENTS = YES;
				CLANG_WARN_EMPTY_BODY = YES;
				CLANG_WARN_ENUM_CONVERSION = YES;
				CLANG_WARN_INFINITE_RECURSION = YES;
				CLANG_WARN_INT_CONVERSION = YES;
				CLANG_WARN_NON_LITERAL_NULL_CONVERSION = YES;
				CLANG_WARN_OBJC_IMPLICIT_RETAIN_SELF = YES;
				CLANG_WARN_OBJC_LITERAL_CONVERSION = YES;
				CLANG_WARN_OBJC_ROOT_CLASS = YES_ERROR;
				CLANG_WARN_QUOTED_INCLUDE_IN_FRAMEWORK_HEADER = YES;
				CLANG_WARN_RANGE_LOOP_ANALYSIS = YES;
				CLANG_WARN_STRICT_PROTOTYPES = YES;
				CLANG_WARN_SUSPICIOUS_MOVE = YES;
				CLANG_WARN_UNGUARDED_AVAILABILITY = YES_AGGRESSIVE;
				CLANG_WARN_UNREACHABLE_CODE = YES;
				CLANG_WARN__DUPLICATE_METHOD_MATCH = YES;
				COPY_PHASE_STRIP = NO;
				DEBUG_INFORMATION_FORMAT = dwarf;
				ENABLE_STRICT_OBJC_MSGSEND = YES;
				ENABLE_TESTABILITY = YES;
				GCC_C_LANGUAGE_STANDARD = gnu11;
				GCC_DYNAMIC_NO_PIC = NO;
				GCC_NO_COMMON_BLOCKS = YES;
				GCC_OPTIMIZATION_LEVEL = 0;
				GCC_PREPROCESSOR_DEFINITIONS = (
					"DEBUG=1",
					"$(inherited)",
				);
				GCC_WARN_64_TO_32_BIT_CONVERSION = YES;
				GCC_WARN_ABOUT_RETURN_TYPE = YES_ERROR;
				GCC_WARN_UNDECLARED_SELECTOR = YES;
				GCC_WARN_UNINITIALIZED_AUTOS = YES_AGGRESSIVE;
				GCC_WARN_UNUSED_FUNCTION = YES;
				GCC_WARN_UNUSED_VARIABLE = YES;
				IPHONEOS_DEPLOYMENT_TARGET = 15.5;
				MTL_ENABLE_DEBUG_INFO = INCLUDE_SOURCE;
				MTL_FAST_MATH = YES;
				ONLY_ACTIVE_ARCH = YES;
				SDKROOT = iphoneos;
				SWIFT_ACTIVE_COMPILATION_CONDITIONS = DEBUG;
				SWIFT_OPTIMIZATION_LEVEL = "-Onone";
			};
			name = Debug;
		};
		5D93A40F28D0DDA700FEDC72 /* Release */ = {
			isa = XCBuildConfiguration;
			buildSettings = {
				ALWAYS_SEARCH_USER_PATHS = NO;
				CLANG_ANALYZER_NONNULL = YES;
				CLANG_ANALYZER_NUMBER_OBJECT_CONVERSION = YES_AGGRESSIVE;
				CLANG_CXX_LANGUAGE_STANDARD = "gnu++17";
				CLANG_ENABLE_MODULES = YES;
				CLANG_ENABLE_OBJC_ARC = YES;
				CLANG_ENABLE_OBJC_WEAK = YES;
				CLANG_WARN_BLOCK_CAPTURE_AUTORELEASING = YES;
				CLANG_WARN_BOOL_CONVERSION = YES;
				CLANG_WARN_COMMA = YES;
				CLANG_WARN_CONSTANT_CONVERSION = YES;
				CLANG_WARN_DEPRECATED_OBJC_IMPLEMENTATIONS = YES;
				CLANG_WARN_DIRECT_OBJC_ISA_USAGE = YES_ERROR;
				CLANG_WARN_DOCUMENTATION_COMMENTS = YES;
				CLANG_WARN_EMPTY_BODY = YES;
				CLANG_WARN_ENUM_CONVERSION = YES;
				CLANG_WARN_INFINITE_RECURSION = YES;
				CLANG_WARN_INT_CONVERSION = YES;
				CLANG_WARN_NON_LITERAL_NULL_CONVERSION = YES;
				CLANG_WARN_OBJC_IMPLICIT_RETAIN_SELF = YES;
				CLANG_WARN_OBJC_LITERAL_CONVERSION = YES;
				CLANG_WARN_OBJC_ROOT_CLASS = YES_ERROR;
				CLANG_WARN_QUOTED_INCLUDE_IN_FRAMEWORK_HEADER = YES;
				CLANG_WARN_RANGE_LOOP_ANALYSIS = YES;
				CLANG_WARN_STRICT_PROTOTYPES = YES;
				CLANG_WARN_SUSPICIOUS_MOVE = YES;
				CLANG_WARN_UNGUARDED_AVAILABILITY = YES_AGGRESSIVE;
				CLANG_WARN_UNREACHABLE_CODE = YES;
				CLANG_WARN__DUPLICATE_METHOD_MATCH = YES;
				COPY_PHASE_STRIP = NO;
				DEBUG_INFORMATION_FORMAT = "dwarf-with-dsym";
				ENABLE_NS_ASSERTIONS = NO;
				ENABLE_STRICT_OBJC_MSGSEND = YES;
				GCC_C_LANGUAGE_STANDARD = gnu11;
				GCC_NO_COMMON_BLOCKS = YES;
				GCC_WARN_64_TO_32_BIT_CONVERSION = YES;
				GCC_WARN_ABOUT_RETURN_TYPE = YES_ERROR;
				GCC_WARN_UNDECLARED_SELECTOR = YES;
				GCC_WARN_UNINITIALIZED_AUTOS = YES_AGGRESSIVE;
				GCC_WARN_UNUSED_FUNCTION = YES;
				GCC_WARN_UNUSED_VARIABLE = YES;
				IPHONEOS_DEPLOYMENT_TARGET = 15.5;
				MTL_ENABLE_DEBUG_INFO = NO;
				MTL_FAST_MATH = YES;
				SDKROOT = iphoneos;
				SWIFT_COMPILATION_MODE = wholemodule;
				SWIFT_OPTIMIZATION_LEVEL = "-O";
				VALIDATE_PRODUCT = YES;
			};
			name = Release;
		};
		5D93A41128D0DDA700FEDC72 /* Debug */ = {
			isa = XCBuildConfiguration;
			buildSettings = {
				ASSETCATALOG_COMPILER_APPICON_NAME = AppIcon;
				ASSETCATALOG_COMPILER_GLOBAL_ACCENT_COLOR_NAME = AccentColor;
				CODE_SIGN_STYLE = Automatic;
				CURRENT_PROJECT_VERSION = 1;
				DEVELOPMENT_TEAM = 983B8C4PLM;
				GENERATE_INFOPLIST_FILE = YES;
				INFOPLIST_FILE = GucciTetris/App/Info.plist;
				INFOPLIST_KEY_UIApplicationSupportsIndirectInputEvents = YES;
				INFOPLIST_KEY_UILaunchStoryboardName = LaunchScreen;
				INFOPLIST_KEY_UISupportedInterfaceOrientations = UIInterfaceOrientationPortrait;
				INFOPLIST_KEY_UISupportedInterfaceOrientations_iPad = "UIInterfaceOrientationPortrait UIInterfaceOrientationPortraitUpsideDown UIInterfaceOrientationLandscapeLeft UIInterfaceOrientationLandscapeRight";
				INFOPLIST_KEY_UISupportedInterfaceOrientations_iPhone = "UIInterfaceOrientationPortrait UIInterfaceOrientationLandscapeLeft UIInterfaceOrientationLandscapeRight";
				IPHONEOS_DEPLOYMENT_TARGET = 13.0;
				LD_RUNPATH_SEARCH_PATHS = (
					"$(inherited)",
					"@executable_path/Frameworks",
				);
				MARKETING_VERSION = 1.0;
				PRODUCT_BUNDLE_IDENTIFIER = com.guccitetris.dev.GucciTetris;
				PRODUCT_NAME = "$(TARGET_NAME)";
				SWIFT_EMIT_LOC_STRINGS = YES;
				SWIFT_VERSION = 5.0;
				TARGETED_DEVICE_FAMILY = 1;
			};
			name = Debug;
		};
		5D93A41228D0DDA700FEDC72 /* Release */ = {
			isa = XCBuildConfiguration;
			buildSettings = {
				ASSETCATALOG_COMPILER_APPICON_NAME = AppIcon;
				ASSETCATALOG_COMPILER_GLOBAL_ACCENT_COLOR_NAME = AccentColor;
				CODE_SIGN_STYLE = Automatic;
				CURRENT_PROJECT_VERSION = 1;
				DEVELOPMENT_TEAM = 983B8C4PLM;
				GENERATE_INFOPLIST_FILE = YES;
				INFOPLIST_FILE = GucciTetris/App/Info.plist;
				INFOPLIST_KEY_UIApplicationSupportsIndirectInputEvents = YES;
				INFOPLIST_KEY_UILaunchStoryboardName = LaunchScreen;
				INFOPLIST_KEY_UISupportedInterfaceOrientations = UIInterfaceOrientationPortrait;
				INFOPLIST_KEY_UISupportedInterfaceOrientations_iPad = "UIInterfaceOrientationPortrait UIInterfaceOrientationPortraitUpsideDown UIInterfaceOrientationLandscapeLeft UIInterfaceOrientationLandscapeRight";
				INFOPLIST_KEY_UISupportedInterfaceOrientations_iPhone = "UIInterfaceOrientationPortrait UIInterfaceOrientationLandscapeLeft UIInterfaceOrientationLandscapeRight";
				IPHONEOS_DEPLOYMENT_TARGET = 13.0;
				LD_RUNPATH_SEARCH_PATHS = (
					"$(inherited)",
					"@executable_path/Frameworks",
				);
				MARKETING_VERSION = 1.0;
				PRODUCT_BUNDLE_IDENTIFIER = com.guccitetris.dev.GucciTetris;
				PRODUCT_NAME = "$(TARGET_NAME)";
				SWIFT_EMIT_LOC_STRINGS = YES;
				SWIFT_VERSION = 5.0;
				TARGETED_DEVICE_FAMILY = 1;
			};
			name = Release;
		};
		5D93A41428D0DDA700FEDC72 /* Debug */ = {
			isa = XCBuildConfiguration;
			buildSettings = {
				ALWAYS_EMBED_SWIFT_STANDARD_LIBRARIES = YES;
				BUNDLE_LOADER = "$(TEST_HOST)";
				CODE_SIGN_STYLE = Automatic;
				CURRENT_PROJECT_VERSION = 1;
				DEVELOPMENT_TEAM = 983B8C4PLM;
				GENERATE_INFOPLIST_FILE = YES;
				IPHONEOS_DEPLOYMENT_TARGET = 15.5;
				MARKETING_VERSION = 1.0;
				PRODUCT_BUNDLE_IDENTIFIER = com.guccitetris.dev.GucciTetrisTests;
				PRODUCT_NAME = "$(TARGET_NAME)";
				SWIFT_EMIT_LOC_STRINGS = NO;
				SWIFT_VERSION = 5.0;
				TARGETED_DEVICE_FAMILY = "1,2";
				TEST_HOST = "$(BUILT_PRODUCTS_DIR)/GucciTetris.app/GucciTetris";
			};
			name = Debug;
		};
		5D93A41528D0DDA700FEDC72 /* Release */ = {
			isa = XCBuildConfiguration;
			buildSettings = {
				ALWAYS_EMBED_SWIFT_STANDARD_LIBRARIES = YES;
				BUNDLE_LOADER = "$(TEST_HOST)";
				CODE_SIGN_STYLE = Automatic;
				CURRENT_PROJECT_VERSION = 1;
				DEVELOPMENT_TEAM = 983B8C4PLM;
				GENERATE_INFOPLIST_FILE = YES;
				IPHONEOS_DEPLOYMENT_TARGET = 15.5;
				MARKETING_VERSION = 1.0;
				PRODUCT_BUNDLE_IDENTIFIER = com.guccitetris.dev.GucciTetrisTests;
				PRODUCT_NAME = "$(TARGET_NAME)";
				SWIFT_EMIT_LOC_STRINGS = NO;
				SWIFT_VERSION = 5.0;
				TARGETED_DEVICE_FAMILY = "1,2";
				TEST_HOST = "$(BUILT_PRODUCTS_DIR)/GucciTetris.app/GucciTetris";
			};
			name = Release;
		};
		5D93A41728D0DDA700FEDC72 /* Debug */ = {
			isa = XCBuildConfiguration;
			buildSettings = {
				ALWAYS_EMBED_SWIFT_STANDARD_LIBRARIES = YES;
				CODE_SIGN_STYLE = Automatic;
				CURRENT_PROJECT_VERSION = 1;
				DEVELOPMENT_TEAM = 983B8C4PLM;
				GENERATE_INFOPLIST_FILE = YES;
				MARKETING_VERSION = 1.0;
				PRODUCT_BUNDLE_IDENTIFIER = com.guccitetris.dev.GucciTetrisUITests;
				PRODUCT_NAME = "$(TARGET_NAME)";
				SWIFT_EMIT_LOC_STRINGS = NO;
				SWIFT_VERSION = 5.0;
				TARGETED_DEVICE_FAMILY = "1,2";
				TEST_TARGET_NAME = GucciTetris;
			};
			name = Debug;
		};
		5D93A41828D0DDA700FEDC72 /* Release */ = {
			isa = XCBuildConfiguration;
			buildSettings = {
				ALWAYS_EMBED_SWIFT_STANDARD_LIBRARIES = YES;
				CODE_SIGN_STYLE = Automatic;
				CURRENT_PROJECT_VERSION = 1;
				DEVELOPMENT_TEAM = 983B8C4PLM;
				GENERATE_INFOPLIST_FILE = YES;
				MARKETING_VERSION = 1.0;
				PRODUCT_BUNDLE_IDENTIFIER = com.guccitetris.dev.GucciTetrisUITests;
				PRODUCT_NAME = "$(TARGET_NAME)";
				SWIFT_EMIT_LOC_STRINGS = NO;
				SWIFT_VERSION = 5.0;
				TARGETED_DEVICE_FAMILY = "1,2";
				TEST_TARGET_NAME = GucciTetris;
			};
			name = Release;
		};
/* End XCBuildConfiguration section */

/* Begin XCConfigurationList section */
		5D93A3E128D0DDA600FEDC72 /* Build configuration list for PBXProject "GucciTetris" */ = {
			isa = XCConfigurationList;
			buildConfigurations = (
				5D93A40E28D0DDA700FEDC72 /* Debug */,
				5D93A40F28D0DDA700FEDC72 /* Release */,
			);
			defaultConfigurationIsVisible = 0;
			defaultConfigurationName = Release;
		};
		5D93A41028D0DDA700FEDC72 /* Build configuration list for PBXNativeTarget "GucciTetris" */ = {
			isa = XCConfigurationList;
			buildConfigurations = (
				5D93A41128D0DDA700FEDC72 /* Debug */,
				5D93A41228D0DDA700FEDC72 /* Release */,
			);
			defaultConfigurationIsVisible = 0;
			defaultConfigurationName = Release;
		};
		5D93A41328D0DDA700FEDC72 /* Build configuration list for PBXNativeTarget "GucciTetrisTests" */ = {
			isa = XCConfigurationList;
			buildConfigurations = (
				5D93A41428D0DDA700FEDC72 /* Debug */,
				5D93A41528D0DDA700FEDC72 /* Release */,
			);
			defaultConfigurationIsVisible = 0;
			defaultConfigurationName = Release;
		};
		5D93A41628D0DDA700FEDC72 /* Build configuration list for PBXNativeTarget "GucciTetrisUITests" */ = {
			isa = XCConfigurationList;
			buildConfigurations = (
				5D93A41728D0DDA700FEDC72 /* Debug */,
				5D93A41828D0DDA700FEDC72 /* Release */,
			);
			defaultConfigurationIsVisible = 0;
			defaultConfigurationName = Release;
		};
/* End XCConfigurationList section */

/* Begin XCSwiftPackageProductDependency section */
		5D93A42728D10FF000FEDC72 /* GucciNavigator */ = {
			isa = XCSwiftPackageProductDependency;
			productName = GucciNavigator;
		};
		5D93A42928D1142800FEDC72 /* BaseGucciTetris */ = {
			isa = XCSwiftPackageProductDependency;
			productName = BaseGucciTetris;
		};
		5D93A42E28D1DAD200FEDC72 /* GucciViewModel */ = {
			isa = XCSwiftPackageProductDependency;
			productName = GucciViewModel;
		};
		5DE2A67D28D5FCC200FC272E /* GucciUI */ = {
			isa = XCSwiftPackageProductDependency;
			productName = GucciUI;
		};
/* End XCSwiftPackageProductDependency section */
	};
	rootObject = 5D93A3DE28D0DDA600FEDC72 /* Project object */;
}
